
Microsoft Visual Studio Solution File, Format Version 12.00
# Visual Studio Version 17
VisualStudioVersion = 17.11.35312.102
MinimumVisualStudioVersion = 10.0.40219.1
Project("{FAE04EC0-301F-11D3-BF4B-00C04F79EFBC}") = "yazlab1tarifrehberiprojesi", "yazlab1tarifrehberiprojesi\yazlab1tarifrehberiprojesi.csproj", "{889C3F4B-8668-4D6A-B679-A64CFB3156DF}"
EndProject
Global
	GlobalSection(SolutionConfigurationPlatforms) = preSolution
		Debug|Any CPU = Debug|Any CPU
		Release|Any CPU = Release|Any CPU
	EndGlobalSection
	GlobalSection(ProjectConfigurationPlatforms) = postSolution
		{889C3F4B-8668-4D6A-B679-A64CFB3156DF}.Debug|Any CPU.ActiveCfg = Debug|Any CPU
		{889C3F4B-8668-4D6A-B679-A64CFB3156DF}.Debug|Any CPU.Build.0 = Debug|Any CPU
		{889C3F4B-8668-4D6A-B679-A64CFB3156DF}.Release|Any CPU.ActiveCfg = Release|Any CPU
		{889C3F4B-8668-4D6A-B679-A64CFB3156DF}.Release|Any CPU.Build.0 = Release|Any CPU
	EndGlobalSection
	GlobalSection(SolutionProperties) = preSolution
		HideSolutionNode = FALSE
	EndGlobalSection
	GlobalSection(ExtensibilityGlobals) = postSolution
		SolutionGuid = {9312E677-5FF1-4923-86DF-7CBC9F33E064}
	EndGlobalSection
EndGlobal
